
Microsoft Visual Studio Solution File, Format Version 12.00
# Visual Studio Version 16
VisualStudioVersion = 16.0.31729.503
MinimumVisualStudioVersion = 10.0.40219.1
Project("{8BC9CEB8-8B4A-11D0-8D11-00A0C91BC942}") = "MathLibrary", "MathLibrary\MathLibrary.vcxproj", "{2DDEBED7-1295-4991-97ED-71E3CB6A48CF}"
EndProject
Project("{8BC9CEB8-8B4A-11D0-8D11-00A0C91BC942}") = "MathClient", "MathClient\MathClient.vcxproj", "{2E325C69-E2A0-4FB6-9145-7B86A64D5BD6}"
EndProject
Project("{8BC9CEB8-8B4A-11D0-8D11-00A0C91BC942}") = "MathLibraryd", "MathLibraryd\MathLibraryd.vcxproj", "{59A00DBD-1D52-4F1C-82D5-D80CBA5DB575}"
EndProject
Global
	GlobalSection(SolutionConfigurationPlatforms) = preSolution
		Debug|x64 = Debug|x64
		Debug|x86 = Debug|x86
		Release|x64 = Release|x64
		Release|x86 = Release|x86
	EndGlobalSection
	GlobalSection(ProjectConfigurationPlatforms) = postSolution
		{2DDEBED7-1295-4991-97ED-71E3CB6A48CF}.Debug|x64.ActiveCfg = Debug|x64
		{2DDEBED7-1295-4991-97ED-71E3CB6A48CF}.Debug|x64.Build.0 = Debug|x64
		{2DDEBED7-1295-4991-97ED-71E3CB6A48CF}.Debug|x86.ActiveCfg = Debug|Win32
		{2DDEBED7-1295-4991-97ED-71E3CB6A48CF}.Debug|x86.Build.0 = Debug|Win32
		{2DDEBED7-1295-4991-97ED-71E3CB6A48CF}.Release|x64.ActiveCfg = Release|x64
		{2DDEBED7-1295-4991-97ED-71E3CB6A48CF}.Release|x64.Build.0 = Release|x64
		{2DDEBED7-1295-4991-97ED-71E3CB6A48CF}.Release|x86.ActiveCfg = Release|Win32
		{2DDEBED7-1295-4991-97ED-71E3CB6A48CF}.Release|x86.Build.0 = Release|Win32
		{2E325C69-E2A0-4FB6-9145-7B86A64D5BD6}.Debug|x64.ActiveCfg = Debug|x64
		{2E325C69-E2A0-4FB6-9145-7B86A64D5BD6}.Debug|x64.Build.0 = Debug|x64
		{2E325C69-E2A0-4FB6-9145-7B86A64D5BD6}.Debug|x86.ActiveCfg = Debug|Win32
		{2E325C69-E2A0-4FB6-9145-7B86A64D5BD6}.Debug|x86.Build.0 = Debug|Win32
		{2E325C69-E2A0-4FB6-9145-7B86A64D5BD6}.Release|x64.ActiveCfg = Release|x64
		{2E325C69-E2A0-4FB6-9145-7B86A64D5BD6}.Release|x64.Build.0 = Release|x64
		{2E325C69-E2A0-4FB6-9145-7B86A64D5BD6}.Release|x86.ActiveCfg = Release|Win32
		{2E325C69-E2A0-4FB6-9145-7B86A64D5BD6}.Release|x86.Build.0 = Release|Win32
		{59A00DBD-1D52-4F1C-82D5-D80CBA5DB575}.Debug|x64.ActiveCfg = Debug|x64
		{59A00DBD-1D52-4F1C-82D5-D80CBA5DB575}.Debug|x64.Build.0 = Debug|x64
		{59A00DBD-1D52-4F1C-82D5-D80CBA5DB575}.Debug|x86.ActiveCfg = Debug|Win32
		{59A00DBD-1D52-4F1C-82D5-D80CBA5DB575}.Debug|x86.Build.0 = Debug|Win32
		{59A00DBD-1D52-4F1C-82D5-D80CBA5DB575}.Release|x64.ActiveCfg = Release|x64
		{59A00DBD-1D52-4F1C-82D5-D80CBA5DB575}.Release|x64.Build.0 = Release|x64
		{59A00DBD-1D52-4F1C-82D5-D80CBA5DB575}.Release|x86.ActiveCfg = Release|Win32
		{59A00DBD-1D52-4F1C-82D5-D80CBA5DB575}.Release|x86.Build.0 = Release|Win32
	EndGlobalSection
	GlobalSection(SolutionProperties) = preSolution
		HideSolutionNode = FALSE
	EndGlobalSection
	GlobalSection(ExtensibilityGlobals) = postSolution
		SolutionGuid = {8A44E4DA-19C3-4D2C-BEA3-2BE14A051FDB}
	EndGlobalSection
EndGlobal
